
Microsoft Visual Studio Solution File, Format Version 12.00
# Visual Studio Version 16
VisualStudioVersion = 16.0.31727.386
MinimumVisualStudioVersion = 10.0.40219.1
Project("{FAE04EC0-301F-11D3-BF4B-00C04F79EFBC}") = "kendim", "kendim\kendim.csproj", "{511C0E18-8EFF-4A23-892A-21761B5F67E8}"
EndProject
Global
	GlobalSection(SolutionConfigurationPlatforms) = preSolution
		Debug|Any CPU = Debug|Any CPU
		Release|Any CPU = Release|Any CPU
	EndGlobalSection
	GlobalSection(ProjectConfigurationPlatforms) = postSolution
		{511C0E18-8EFF-4A23-892A-21761B5F67E8}.Debug|Any CPU.ActiveCfg = Debug|Any CPU
		{511C0E18-8EFF-4A23-892A-21761B5F67E8}.Debug|Any CPU.Build.0 = Debug|Any CPU
		{511C0E18-8EFF-4A23-892A-21761B5F67E8}.Release|Any CPU.ActiveCfg = Release|Any CPU
		{511C0E18-8EFF-4A23-892A-21761B5F67E8}.Release|Any CPU.Build.0 = Release|Any CPU
	EndGlobalSection
	GlobalSection(SolutionProperties) = preSolution
		HideSolutionNode = FALSE
	EndGlobalSection
	GlobalSection(ExtensibilityGlobals) = postSolution
		SolutionGuid = {FA3206BA-C0C8-4AB6-A2E1-348B0C98FBD7}
	EndGlobalSection
EndGlobal
